// !$*UTF8*$!
{
	archiveVersion = 1;
	classes = {
	};
	objectVersion = 56;
	objects = {

/* Begin PBXBuildFile section */
		DAE40D592BED201B00BB4C7E /* LandmarksApp.swift in Sources */ = {isa = PBXBuildFile; fileRef = DAE40D582BED201B00BB4C7E /* LandmarksApp.swift */; };
		DAE40D5B2BED201B00BB4C7E /* ContentView.swift in Sources */ = {isa = PBXBuildFile; fileRef = DAE40D5A2BED201B00BB4C7E /* ContentView.swift */; };
		DAE40D5D2BED201E00BB4C7E /* Assets.xcassets in Resources */ = {isa = PBXBuildFile; fileRef = DAE40D5C2BED201E00BB4C7E /* Assets.xcassets */; };
		DAE40D602BED201E00BB4C7E /* Preview Assets.xcassets in Resources */ = {isa = PBXBuildFile; fileRef = DAE40D5F2BED201E00BB4C7E /* Preview Assets.xcassets */; };
		DAE40D672BED2A6800BB4C7E /* CircleImage.swift in Sources */ = {isa = PBXBuildFile; fileRef = DAE40D662BED2A6800BB4C7E /* CircleImage.swift */; };
		DAE40D692BED2B2F00BB4C7E /* MapView.swift in Sources */ = {isa = PBXBuildFile; fileRef = DAE40D682BED2B2F00BB4C7E /* MapView.swift */; };
		DAE40D6B2BED9FE000BB4C7E /* landmarkData.json in Resources */ = {isa = PBXBuildFile; fileRef = DAE40D6A2BED9FE000BB4C7E /* landmarkData.json */; };
		DAE40D6D2BED9FF500BB4C7E /* Landmark.swift in Sources */ = {isa = PBXBuildFile; fileRef = DAE40D6C2BED9FF500BB4C7E /* Landmark.swift */; };
		DAE40D6F2BEDA28D00BB4C7E /* ModelData.swift in Sources */ = {isa = PBXBuildFile; fileRef = DAE40D6E2BEDA28D00BB4C7E /* ModelData.swift */; };
		DAE40D762BEDA47400BB4C7E /* LandmarkRow.swift in Sources */ = {isa = PBXBuildFile; fileRef = DAE40D752BEDA47400BB4C7E /* LandmarkRow.swift */; };
		DAE40D782BEDAA0F00BB4C7E /* LandmarkList.swift in Sources */ = {isa = PBXBuildFile; fileRef = DAE40D772BEDAA0F00BB4C7E /* LandmarkList.swift */; };
		DAE40D7A2BEDAE3300BB4C7E /* LandmarkDetail.swift in Sources */ = {isa = PBXBuildFile; fileRef = DAE40D792BEDAE3300BB4C7E /* LandmarkDetail.swift */; };
/* End PBXBuildFile section */

/* Begin PBXFileReference section */
		DAE40D552BED201B00BB4C7E /* Landmarks.app */ = {isa = PBXFileReference; explicitFileType = wrapper.application; includeInIndex = 0; path = Landmarks.app; sourceTree = BUILT_PRODUCTS_DIR; };
		DAE40D582BED201B00BB4C7E /* LandmarksApp.swift */ = {isa = PBXFileReference; lastKnownFileType = sourcecode.swift; path = LandmarksApp.swift; sourceTree = "<group>"; };
		DAE40D5A2BED201B00BB4C7E /* ContentView.swift */ = {isa = PBXFileReference; lastKnownFileType = sourcecode.swift; path = ContentView.swift; sourceTree = "<group>"; };
		DAE40D5C2BED201E00BB4C7E /* Assets.xcassets */ = {isa = PBXFileReference; lastKnownFileType = folder.assetcatalog; path = Assets.xcassets; sourceTree = "<group>"; };
		DAE40D5F2BED201E00BB4C7E /* Preview Assets.xcassets */ = {isa = PBXFileReference; lastKnownFileType = folder.assetcatalog; path = "Preview Assets.xcassets"; sourceTree = "<group>"; };
		DAE40D662BED2A6800BB4C7E /* CircleImage.swift */ = {isa = PBXFileReference; lastKnownFileType = sourcecode.swift; path = CircleImage.swift; sourceTree = "<group>"; };
		DAE40D682BED2B2F00BB4C7E /* MapView.swift */ = {isa = PBXFileReference; lastKnownFileType = sourcecode.swift; path = MapView.swift; sourceTree = "<group>"; };
		DAE40D6A2BED9FE000BB4C7E /* landmarkData.json */ = {isa = PBXFileReference; fileEncoding = 4; lastKnownFileType = text.json; path = landmarkData.json; sourceTree = "<group>"; };
		DAE40D6C2BED9FF500BB4C7E /* Landmark.swift */ = {isa = PBXFileReference; lastKnownFileType = sourcecode.swift; path = Landmark.swift; sourceTree = "<group>"; };
		DAE40D6E2BEDA28D00BB4C7E /* ModelData.swift */ = {isa = PBXFileReference; lastKnownFileType = sourcecode.swift; path = ModelData.swift; sourceTree = "<group>"; };
		DAE40D752BEDA47400BB4C7E /* LandmarkRow.swift */ = {isa = PBXFileReference; lastKnownFileType = sourcecode.swift; path = LandmarkRow.swift; sourceTree = "<group>"; };
		DAE40D772BEDAA0F00BB4C7E /* LandmarkList.swift */ = {isa = PBXFileReference; lastKnownFileType = sourcecode.swift; path = LandmarkList.swift; sourceTree = "<group>"; };
		DAE40D792BEDAE3300BB4C7E /* LandmarkDetail.swift */ = {isa = PBXFileReference; lastKnownFileType = sourcecode.swift; path = LandmarkDetail.swift; sourceTree = "<group>"; };
/* End PBXFileReference section */

/* Begin PBXFrameworksBuildPhase section */
		DAE40D522BED201B00BB4C7E /* Frameworks */ = {
			isa = PBXFrameworksBuildPhase;
			buildActionMask = 2147483647;
			files = (
			);
			runOnlyForDeploymentPostprocessing = 0;
		};
/* End PBXFrameworksBuildPhase section */

/* Begin PBXGroup section */
		DAE40D4C2BED201B00BB4C7E = {
			isa = PBXGroup;
			children = (
				DAE40D572BED201B00BB4C7E /* Landmarks */,
				DAE40D562BED201B00BB4C7E /* Products */,
			);
			sourceTree = "<group>";
		};
		DAE40D562BED201B00BB4C7E /* Products */ = {
			isa = PBXGroup;
			children = (
				DAE40D552BED201B00BB4C7E /* Landmarks.app */,
			);
			name = Products;
			sourceTree = "<group>";
		};
		DAE40D572BED201B00BB4C7E /* Landmarks */ = {
			isa = PBXGroup;
			children = (
				DAE40D722BEDA3CA00BB4C7E /* Resources */,
				DAE40D712BEDA3AE00BB4C7E /* Model */,
				DAE40D702BEDA38300BB4C7E /* View */,
				DAE40D582BED201B00BB4C7E /* LandmarksApp.swift */,
				DAE40D5C2BED201E00BB4C7E /* Assets.xcassets */,
				DAE40D5E2BED201E00BB4C7E /* Preview Content */,
			);
			path = Landmarks;
			sourceTree = "<group>";
		};
		DAE40D5E2BED201E00BB4C7E /* Preview Content */ = {
			isa = PBXGroup;
			children = (
				DAE40D5F2BED201E00BB4C7E /* Preview Assets.xcassets */,
			);
			path = "Preview Content";
			sourceTree = "<group>";
		};
		DAE40D702BEDA38300BB4C7E /* View */ = {
			isa = PBXGroup;
			children = (
				DAE40D5A2BED201B00BB4C7E /* ContentView.swift */,
				DAE40D662BED2A6800BB4C7E /* CircleImage.swift */,
				DAE40D682BED2B2F00BB4C7E /* MapView.swift */,
				DAE40D752BEDA47400BB4C7E /* LandmarkRow.swift */,
				DAE40D772BEDAA0F00BB4C7E /* LandmarkList.swift */,
				DAE40D792BEDAE3300BB4C7E /* LandmarkDetail.swift */,
			);
			path = View;
			sourceTree = "<group>";
		};
		DAE40D712BEDA3AE00BB4C7E /* Model */ = {
			isa = PBXGroup;
			children = (
				DAE40D6C2BED9FF500BB4C7E /* Landmark.swift */,
				DAE40D6E2BEDA28D00BB4C7E /* ModelData.swift */,
			);
			path = Model;
			sourceTree = "<group>";
		};
		DAE40D722BEDA3CA00BB4C7E /* Resources */ = {
			isa = PBXGroup;
			children = (
				DAE40D6A2BED9FE000BB4C7E /* landmarkData.json */,
			);
			path = Resources;
			sourceTree = "<group>";
		};
/* End PBXGroup section */

/* Begin PBXNativeTarget section */
		DAE40D542BED201B00BB4C7E /* Landmarks */ = {
			isa = PBXNativeTarget;
			buildConfigurationList = DAE40D632BED201E00BB4C7E /* Build configuration list for PBXNativeTarget "Landmarks" */;
			buildPhases = (
				DAE40D512BED201B00BB4C7E /* Sources */,
				DAE40D522BED201B00BB4C7E /* Frameworks */,
				DAE40D532BED201B00BB4C7E /* Resources */,
			);
			buildRules = (
			);
			dependencies = (
			);
			name = Landmarks;
			productName = Landmarks;
			productReference = DAE40D552BED201B00BB4C7E /* Landmarks.app */;
			productType = "com.apple.product-type.application";
		};
/* End PBXNativeTarget section */

/* Begin PBXProject section */
		DAE40D4D2BED201B00BB4C7E /* Project object */ = {
			isa = PBXProject;
			attributes = {
				BuildIndependentTargetsInParallel = 1;
				LastSwiftUpdateCheck = 1520;
				LastUpgradeCheck = 1520;
				TargetAttributes = {
					DAE40D542BED201B00BB4C7E = {
						CreatedOnToolsVersion = 15.2;
					};
				};
			};
			buildConfigurationList = DAE40D502BED201B00BB4C7E /* Build configuration list for PBXProject "Landmarks" */;
			compatibilityVersion = "Xcode 14.0";
			developmentRegion = en;
			hasScannedForEncodings = 0;
			knownRegions = (
				en,
				Base,
			);
			mainGroup = DAE40D4C2BED201B00BB4C7E;
			productRefGroup = DAE40D562BED201B00BB4C7E /* Products */;
			projectDirPath = "";
			projectRoot = "";
			targets = (
				DAE40D542BED201B00BB4C7E /* Landmarks */,
			);
		};
/* End PBXProject section */

/* Begin PBXResourcesBuildPhase section */
		DAE40D532BED201B00BB4C7E /* Resources */ = {
			isa = PBXResourcesBuildPhase;
			buildActionMask = 2147483647;
			files = (
				DAE40D602BED201E00BB4C7E /* Preview Assets.xcassets in Resources */,
				DAE40D5D2BED201E00BB4C7E /* Assets.xcassets in Resources */,
				DAE40D6B2BED9FE000BB4C7E /* landmarkData.json in Resources */,
			);
			runOnlyForDeploymentPostprocessing = 0;
		};
/* End PBXResourcesBuildPhase section */

/* Begin PBXSourcesBuildPhase section */
		DAE40D512BED201B00BB4C7E /* Sources */ = {
			isa = PBXSourcesBuildPhase;
			buildActionMask = 2147483647;
			files = (
				DAE40D5B2BED201B00BB4C7E /* ContentView.swift in Sources */,
				DAE40D692BED2B2F00BB4C7E /* MapView.swift in Sources */,
				DAE40D592BED201B00BB4C7E /* LandmarksApp.swift in Sources */,
				DAE40D782BEDAA0F00BB4C7E /* LandmarkList.swift in Sources */,
				DAE40D7A2BEDAE3300BB4C7E /* LandmarkDetail.swift in Sources */,
				DAE40D672BED2A6800BB4C7E /* CircleImage.swift in Sources */,
				DAE40D6D2BED9FF500BB4C7E /* Landmark.swift in Sources */,
				DAE40D762BEDA47400BB4C7E /* LandmarkRow.swift in Sources */,
				DAE40D6F2BEDA28D00BB4C7E /* ModelData.swift in Sources */,
			);
			runOnlyForDeploymentPostprocessing = 0;
		};
/* End PBXSourcesBuildPhase section */

/* Begin XCBuildConfiguration section */
		DAE40D612BED201E00BB4C7E /* Debug */ = {
			isa = XCBuildConfiguration;
			buildSettings = {
				ALWAYS_SEARCH_USER_PATHS = NO;
				ASSETCATALOG_COMPILER_GENERATE_SWIFT_ASSET_SYMBOL_EXTENSIONS = YES;
				CLANG_ANALYZER_NONNULL = YES;
				CLANG_ANALYZER_NUMBER_OBJECT_CONVERSION = YES_AGGRESSIVE;
				CLANG_CXX_LANGUAGE_STANDARD = "gnu++20";
				CLANG_ENABLE_MODULES = YES;
				CLANG_ENABLE_OBJC_ARC = YES;
				CLANG_ENABLE_OBJC_WEAK = YES;
				CLANG_WARN_BLOCK_CAPTURE_AUTORELEASING = YES;
				CLANG_WARN_BOOL_CONVERSION = YES;
				CLANG_WARN_COMMA = YES;
				CLANG_WARN_CONSTANT_CONVERSION = YES;
				CLANG_WARN_DEPRECATED_OBJC_IMPLEMENTATIONS = YES;
				CLANG_WARN_DIRECT_OBJC_ISA_USAGE = YES_ERROR;
				CLANG_WARN_DOCUMENTATION_COMMENTS = YES;
				CLANG_WARN_EMPTY_BODY = YES;
				CLANG_WARN_ENUM_CONVERSION = YES;
				CLANG_WARN_INFINITE_RECURSION = YES;
				CLANG_WARN_INT_CONVERSION = YES;
				CLANG_WARN_NON_LITERAL_NULL_CONVERSION = YES;
				CLANG_WARN_OBJC_IMPLICIT_RETAIN_SELF = YES;
				CLANG_WARN_OBJC_LITERAL_CONVERSION = YES;
				CLANG_WARN_OBJC_ROOT_CLASS = YES_ERROR;
				CLANG_WARN_QUOTED_INCLUDE_IN_FRAMEWORK_HEADER = YES;
				CLANG_WARN_RANGE_LOOP_ANALYSIS = YES;
				CLANG_WARN_STRICT_PROTOTYPES = YES;
				CLANG_WARN_SUSPICIOUS_MOVE = YES;
				CLANG_WARN_UNGUARDED_AVAILABILITY = YES_AGGRESSIVE;
				CLANG_WARN_UNREACHABLE_CODE = YES;
				CLANG_WARN__DUPLICATE_METHOD_MATCH = YES;
				COPY_PHASE_STRIP = NO;
				DEBUG_INFORMATION_FORMAT = dwarf;
				ENABLE_STRICT_OBJC_MSGSEND = YES;
				ENABLE_TESTABILITY = YES;
				ENABLE_USER_SCRIPT_SANDBOXING = YES;
				GCC_C_LANGUAGE_STANDARD = gnu17;
				GCC_DYNAMIC_NO_PIC = NO;
				GCC_NO_COMMON_BLOCKS = YES;
				GCC_OPTIMIZATION_LEVEL = 0;
				GCC_PREPROCESSOR_DEFINITIONS = (
					"DEBUG=1",
					"$(inherited)",
				);
				GCC_WARN_64_TO_32_BIT_CONVERSION = YES;
				GCC_WARN_ABOUT_RETURN_TYPE = YES_ERROR;
				GCC_WARN_UNDECLARED_SELECTOR = YES;
				GCC_WARN_UNINITIALIZED_AUTOS = YES_AGGRESSIVE;
				GCC_WARN_UNUSED_FUNCTION = YES;
				GCC_WARN_UNUSED_VARIABLE = YES;
				IPHONEOS_DEPLOYMENT_TARGET = 17.2;
				LOCALIZATION_PREFERS_STRING_CATALOGS = YES;
				MTL_ENABLE_DEBUG_INFO = INCLUDE_SOURCE;
				MTL_FAST_MATH = YES;
				ONLY_ACTIVE_ARCH = YES;
				SDKROOT = iphoneos;
				SWIFT_ACTIVE_COMPILATION_CONDITIONS = "DEBUG $(inherited)";
				SWIFT_OPTIMIZATION_LEVEL = "-Onone";
			};
			name = Debug;
		};
		DAE40D622BED201E00BB4C7E /* Release */ = {
			isa = XCBuildConfiguration;
			buildSettings = {
				ALWAYS_SEARCH_USER_PATHS = NO;
				ASSETCATALOG_COMPILER_GENERATE_SWIFT_ASSET_SYMBOL_EXTENSIONS = YES;
				CLANG_ANALYZER_NONNULL = YES;
				CLANG_ANALYZER_NUMBER_OBJECT_CONVERSION = YES_AGGRESSIVE;
				CLANG_CXX_LANGUAGE_STANDARD = "gnu++20";
				CLANG_ENABLE_MODULES = YES;
				CLANG_ENABLE_OBJC_ARC = YES;
				CLANG_ENABLE_OBJC_WEAK = YES;
				CLANG_WARN_BLOCK_CAPTURE_AUTORELEASING = YES;
				CLANG_WARN_BOOL_CONVERSION = YES;
				CLANG_WARN_COMMA = YES;
				CLANG_WARN_CONSTANT_CONVERSION = YES;
				CLANG_WARN_DEPRECATED_OBJC_IMPLEMENTATIONS = YES;
				CLANG_WARN_DIRECT_OBJC_ISA_USAGE = YES_ERROR;
				CLANG_WARN_DOCUMENTATION_COMMENTS = YES;
				CLANG_WARN_EMPTY_BODY = YES;
				CLANG_WARN_ENUM_CONVERSION = YES;
				CLANG_WARN_INFINITE_RECURSION = YES;
				CLANG_WARN_INT_CONVERSION = YES;
				CLANG_WARN_NON_LITERAL_NULL_CONVERSION = YES;
				CLANG_WARN_OBJC_IMPLICIT_RETAIN_SELF = YES;
				CLANG_WARN_OBJC_LITERAL_CONVERSION = YES;
				CLANG_WARN_OBJC_ROOT_CLASS = YES_ERROR;
				CLANG_WARN_QUOTED_INCLUDE_IN_FRAMEWORK_HEADER = YES;
				CLANG_WARN_RANGE_LOOP_ANALYSIS = YES;
				CLANG_WARN_STRICT_PROTOTYPES = YES;
				CLANG_WARN_SUSPICIOUS_MOVE = YES;
				CLANG_WARN_UNGUARDED_AVAILABILITY = YES_AGGRESSIVE;
				CLANG_WARN_UNREACHABLE_CODE = YES;
				CLANG_WARN__DUPLICATE_METHOD_MATCH = YES;
				COPY_PHASE_STRIP = NO;
				DEBUG_INFORMATION_FORMAT = "dwarf-with-dsym";
				ENABLE_NS_ASSERTIONS = NO;
				ENABLE_STRICT_OBJC_MSGSEND = YES;
				ENABLE_USER_SCRIPT_SANDBOXING = YES;
				GCC_C_LANGUAGE_STANDARD = gnu17;
				GCC_NO_COMMON_BLOCKS = YES;
				GCC_WARN_64_TO_32_BIT_CONVERSION = YES;
				GCC_WARN_ABOUT_RETURN_TYPE = YES_ERROR;
				GCC_WARN_UNDECLARED_SELECTOR = YES;
				GCC_WARN_UNINITIALIZED_AUTOS = YES_AGGRESSIVE;
				GCC_WARN_UNUSED_FUNCTION = YES;
				GCC_WARN_UNUSED_VARIABLE = YES;
				IPHONEOS_DEPLOYMENT_TARGET = 17.2;
				LOCALIZATION_PREFERS_STRING_CATALOGS = YES;
				MTL_ENABLE_DEBUG_INFO = NO;
				MTL_FAST_MATH = YES;
				SDKROOT = iphoneos;
				SWIFT_COMPILATION_MODE = wholemodule;
				VALIDATE_PRODUCT = YES;
			};
			name = Release;
		};
		DAE40D642BED201E00BB4C7E /* Debug */ = {
			isa = XCBuildConfiguration;
			buildSettings = {
				ASSETCATALOG_COMPILER_APPICON_NAME = AppIcon;
				ASSETCATALOG_COMPILER_GLOBAL_ACCENT_COLOR_NAME = AccentColor;
				CODE_SIGN_STYLE = Automatic;
				CURRENT_PROJECT_VERSION = 1;
				DEVELOPMENT_ASSET_PATHS = "\"Landmarks/Preview Content\"";
				ENABLE_PREVIEWS = YES;
				GENERATE_INFOPLIST_FILE = YES;
				INFOPLIST_KEY_UIApplicationSceneManifest_Generation = YES;
				INFOPLIST_KEY_UIApplicationSupportsIndirectInputEvents = YES;
				INFOPLIST_KEY_UILaunchScreen_Generation = YES;
				INFOPLIST_KEY_UISupportedInterfaceOrientations_iPad = "UIInterfaceOrientationPortrait UIInterfaceOrientationPortraitUpsideDown UIInterfaceOrientationLandscapeLeft UIInterfaceOrientationLandscapeRight";
				INFOPLIST_KEY_UISupportedInterfaceOrientations_iPhone = "UIInterfaceOrientationPortrait UIInterfaceOrientationLandscapeLeft UIInterfaceOrientationLandscapeRight";
				LD_RUNPATH_SEARCH_PATHS = (
					"$(inherited)",
					"@executable_path/Frameworks",
				);
				MARKETING_VERSION = 1.0;
				PRODUCT_BUNDLE_IDENTIFIER = vebrian.com.Landmarks;
				PRODUCT_NAME = "$(TARGET_NAME)";
				SWIFT_EMIT_LOC_STRINGS = YES;
				SWIFT_VERSION = 5.0;
				TARGETED_DEVICE_FAMILY = "1,2";
			};
			name = Debug;
		};
		DAE40D652BED201E00BB4C7E /* Release */ = {
			isa = XCBuildConfiguration;
			buildSettings = {
				ASSETCATALOG_COMPILER_APPICON_NAME = AppIcon;
				ASSETCATALOG_COMPILER_GLOBAL_ACCENT_COLOR_NAME = AccentColor;
				CODE_SIGN_STYLE = Automatic;
				CURRENT_PROJECT_VERSION = 1;
				DEVELOPMENT_ASSET_PATHS = "\"Landmarks/Preview Content\"";
				ENABLE_PREVIEWS = YES;
				GENERATE_INFOPLIST_FILE = YES;
				INFOPLIST_KEY_UIApplicationSceneManifest_Generation = YES;
				INFOPLIST_KEY_UIApplicationSupportsIndirectInputEvents = YES;
				INFOPLIST_KEY_UILaunchScreen_Generation = YES;
				INFOPLIST_KEY_UISupportedInterfaceOrientations_iPad = "UIInterfaceOrientationPortrait UIInterfaceOrientationPortraitUpsideDown UIInterfaceOrientationLandscapeLeft UIInterfaceOrientationLandscapeRight";
				INFOPLIST_KEY_UISupportedInterfaceOrientations_iPhone = "UIInterfaceOrientationPortrait UIInterfaceOrientationLandscapeLeft UIInterfaceOrientationLandscapeRight";
				LD_RUNPATH_SEARCH_PATHS = (
					"$(inherited)",
					"@executable_path/Frameworks",
				);
				MARKETING_VERSION = 1.0;
				PRODUCT_BUNDLE_IDENTIFIER = vebrian.com.Landmarks;
				PRODUCT_NAME = "$(TARGET_NAME)";
				SWIFT_EMIT_LOC_STRINGS = YES;
				SWIFT_VERSION = 5.0;
				TARGETED_DEVICE_FAMILY = "1,2";
			};
			name = Release;
		};
/* End XCBuildConfiguration section */

/* Begin XCConfigurationList section */
		DAE40D502BED201B00BB4C7E /* Build configuration list for PBXProject "Landmarks" */ = {
			isa = XCConfigurationList;
			buildConfigurations = (
				DAE40D612BED201E00BB4C7E /* Debug */,
				DAE40D622BED201E00BB4C7E /* Release */,
			);
			defaultConfigurationIsVisible = 0;
			defaultConfigurationName = Release;
		};
		DAE40D632BED201E00BB4C7E /* Build configuration list for PBXNativeTarget "Landmarks" */ = {
			isa = XCConfigurationList;
			buildConfigurations = (
				DAE40D642BED201E00BB4C7E /* Debug */,
				DAE40D652BED201E00BB4C7E /* Release */,
			);
			defaultConfigurationIsVisible = 0;
			defaultConfigurationName = Release;
		};
/* End XCConfigurationList section */
	};
	rootObject = DAE40D4D2BED201B00BB4C7E /* Project object */;
}
